// !$*UTF8*$!
{
	archiveVersion = 1;
	classes = {
	};
	objectVersion = 77;
	objects = {

/* Begin PBXBuildFile section */
		E10DC4EA2D3753BF003EB040 /* exporters in Resources */ = {isa = PBXBuildFile; fileRef = E10DC4E62D3753BF003EB040 /* exporters */; };
		E10DC4EB2D3753BF003EB040 /* processors in Resources */ = {isa = PBXBuildFile; fileRef = E10DC4E72D3753BF003EB040 /* processors */; };
		E10DC4EC2D3753BF003EB040 /* receivers in Resources */ = {isa = PBXBuildFile; fileRef = E10DC4E82D3753BF003EB040 /* receivers */; };
		E10DC4ED2D3753BF003EB040 /* templates in Resources */ = {isa = PBXBuildFile; fileRef = E10DC4E92D3753BF003EB040 /* templates */; };
		E16002C32E655D5C0036957E /* protoc-gen-swift in Frameworks */ = {isa = PBXBuildFile; productRef = E17DF7962E63EDF70027C808 /* protoc-gen-swift */; };
		E17DF78C2E63A3200027C808 /* Subprocess in Frameworks */ = {isa = PBXBuildFile; productRef = E17DF78B2E63A3200027C808 /* Subprocess */; };
		E17DF7912E63EDF70027C808 /* SwiftProtobuf in Frameworks */ = {isa = PBXBuildFile; productRef = E17DF7902E63EDF70027C808 /* SwiftProtobuf */; };
		E17DF7932E63EDF70027C808 /* SwiftProtobufPluginLibrary in Frameworks */ = {isa = PBXBuildFile; productRef = E17DF7922E63EDF70027C808 /* SwiftProtobufPluginLibrary */; };
		E17DFB392E64BF3C0027C808 /* GRPCCodeGen in Frameworks */ = {isa = PBXBuildFile; productRef = E17DFB382E64BF3C0027C808 /* GRPCCodeGen */; };
		E17DFB3B2E64BF3C0027C808 /* GRPCCore in Frameworks */ = {isa = PBXBuildFile; productRef = E17DFB3A2E64BF3C0027C808 /* GRPCCore */; };
		E17DFB3D2E64BF3C0027C808 /* GRPCInProcessTransport in Frameworks */ = {isa = PBXBuildFile; productRef = E17DFB3C2E64BF3C0027C808 /* GRPCInProcessTransport */; };
		E17DFB402E64BF940027C808 /* GRPCNIOTransportHTTP2 in Frameworks */ = {isa = PBXBuildFile; productRef = E17DFB3F2E64BF940027C808 /* GRPCNIOTransportHTTP2 */; };
		E17DFB432E64BFB40027C808 /* GRPCProtobuf in Frameworks */ = {isa = PBXBuildFile; productRef = E17DFB422E64BFB40027C808 /* GRPCProtobuf */; };
		E17DFB4C2E64D35D0027C808 /* protoc-gen-grpc-swift-2 in Frameworks */ = {isa = PBXBuildFile; productRef = E17DFB4B2E64D35D0027C808 /* protoc-gen-grpc-swift-2 */; };
		E17DFB5C2E65079A0027C808 /* GRPCNIOTransportHTTP2Posix in Frameworks */ = {isa = PBXBuildFile; productRef = E17DFB5B2E65079A0027C808 /* GRPCNIOTransportHTTP2Posix */; };
		E17DFB5E2E6507B70027C808 /* GRPCNIOTransportHTTP2TransportServices in Frameworks */ = {isa = PBXBuildFile; productRef = E17DFB5D2E6507B70027C808 /* GRPCNIOTransportHTTP2TransportServices */; };
		E17DFB612E6526710027C808 /* GRDB in Frameworks */ = {isa = PBXBuildFile; productRef = E17DFB602E6526710027C808 /* GRDB */; };
		E17DFB642E6526880027C808 /* GRDBQuery in Frameworks */ = {isa = PBXBuildFile; productRef = E17DFB632E6526880027C808 /* GRDBQuery */; };
		E1E96BD02E6D1AB400066E78 /* STTextView in Frameworks */ = {isa = PBXBuildFile; productRef = E1E96BCF2E6D1AB400066E78 /* STTextView */; };
		E1E96CA82E6F979100066E78 /* components.db in Resources */ = {isa = PBXBuildFile; fileRef = E1E96CA72E6F979100066E78 /* components.db */; };
		E1F6522A2D346DED0091A7E8 /* Yams in Frameworks */ = {isa = PBXBuildFile; productRef = E1F652292D346DED0091A7E8 /* Yams */; };
/* End PBXBuildFile section */

/* Begin PBXContainerItemProxy section */
		D2588F9A2D398E6F00B45761 /* PBXContainerItemProxy */ = {
			isa = PBXContainerItemProxy;
			containerPortal = E18310342D3420390070D311 /* Project object */;
			proxyType = 1;
			remoteGlobalIDString = E183103B2D3420390070D311;
			remoteInfo = locol;
		};
/* End PBXContainerItemProxy section */

/* Begin PBXFileReference section */
		D2588F962D398E6F00B45761 /* locolTests.xctest */ = {isa = PBXFileReference; explicitFileType = wrapper.cfbundle; includeInIndex = 0; path = locolTests.xctest; sourceTree = BUILT_PRODUCTS_DIR; };
		E10DC4E62D3753BF003EB040 /* exporters */ = {isa = PBXFileReference; lastKnownFileType = folder; name = exporters; path = locol/Resources/exporters; sourceTree = "<group>"; };
		E10DC4E72D3753BF003EB040 /* processors */ = {isa = PBXFileReference; lastKnownFileType = folder; name = processors; path = locol/Resources/processors; sourceTree = "<group>"; };
		E10DC4E82D3753BF003EB040 /* receivers */ = {isa = PBXFileReference; lastKnownFileType = folder; name = receivers; path = locol/Resources/receivers; sourceTree = "<group>"; };
		E10DC4E92D3753BF003EB040 /* templates */ = {isa = PBXFileReference; lastKnownFileType = folder; name = templates; path = locol/Resources/templates; sourceTree = "<group>"; };
		E183103C2D3420390070D311 /* locol.app */ = {isa = PBXFileReference; explicitFileType = wrapper.application; includeInIndex = 0; path = locol.app; sourceTree = BUILT_PRODUCTS_DIR; };
		E1E96CA72E6F979100066E78 /* components.db */ = {isa = PBXFileReference; lastKnownFileType = file; path = components.db; sourceTree = "<group>"; };
/* End PBXFileReference section */

/* Begin PBXFileSystemSynchronizedBuildFileExceptionSet section */
		E10DC4D52D37533B003EB040 /* Exceptions for "locol" folder in "locol" target */ = {
			isa = PBXFileSystemSynchronizedBuildFileExceptionSet;
			membershipExceptions = (
				Resources/exporters/honeycomb.yaml,
				Resources/processors/resourcedetector.yaml,
				Resources/receivers/hostmetrics.yaml,
				Resources/templates/default.yaml,
			);
			target = E183103B2D3420390070D311 /* locol */;
		};
/* End PBXFileSystemSynchronizedBuildFileExceptionSet section */

/* Begin PBXFileSystemSynchronizedRootGroup section */
		D2588F972D398E6F00B45761 /* locolTests */ = {
			isa = PBXFileSystemSynchronizedRootGroup;
			path = locolTests;
			sourceTree = "<group>";
		};
		E183103E2D3420390070D311 /* locol */ = {
			isa = PBXFileSystemSynchronizedRootGroup;
			exceptions = (
				E10DC4D52D37533B003EB040 /* Exceptions for "locol" folder in "locol" target */,
			);
			path = locol;
			sourceTree = "<group>";
		};
/* End PBXFileSystemSynchronizedRootGroup section */

/* Begin PBXFrameworksBuildPhase section */
		D2588F932D398E6F00B45761 /* Frameworks */ = {
			isa = PBXFrameworksBuildPhase;
			buildActionMask = 2147483647;
			files = (
			);
			runOnlyForDeploymentPostprocessing = 0;
		};
		E18310392D3420390070D311 /* Frameworks */ = {
			isa = PBXFrameworksBuildPhase;
			buildActionMask = 2147483647;
			files = (
				E16002C32E655D5C0036957E /* protoc-gen-swift in Frameworks */,
				E17DFB402E64BF940027C808 /* GRPCNIOTransportHTTP2 in Frameworks */,
				E1F6522A2D346DED0091A7E8 /* Yams in Frameworks */,
				E17DFB4C2E64D35D0027C808 /* protoc-gen-grpc-swift-2 in Frameworks */,
				E17DF7932E63EDF70027C808 /* SwiftProtobufPluginLibrary in Frameworks */,
				E17DFB612E6526710027C808 /* GRDB in Frameworks */,
				E17DF78C2E63A3200027C808 /* Subprocess in Frameworks */,
				E17DFB3B2E64BF3C0027C808 /* GRPCCore in Frameworks */,
				E17DFB642E6526880027C808 /* GRDBQuery in Frameworks */,
				E1E96BD02E6D1AB400066E78 /* STTextView in Frameworks */,
				E17DFB392E64BF3C0027C808 /* GRPCCodeGen in Frameworks */,
				E17DFB3D2E64BF3C0027C808 /* GRPCInProcessTransport in Frameworks */,
				E17DFB432E64BFB40027C808 /* GRPCProtobuf in Frameworks */,
				E17DFB5E2E6507B70027C808 /* GRPCNIOTransportHTTP2TransportServices in Frameworks */,
				E17DFB5C2E65079A0027C808 /* GRPCNIOTransportHTTP2Posix in Frameworks */,
				E17DF7912E63EDF70027C808 /* SwiftProtobuf in Frameworks */,
			);
			runOnlyForDeploymentPostprocessing = 0;
		};
/* End PBXFrameworksBuildPhase section */

/* Begin PBXGroup section */
		E17DFB4A2E64D35D0027C808 /* Frameworks */ = {
			isa = PBXGroup;
			children = (
			);
			name = Frameworks;
			sourceTree = "<group>";
		};
		E18310332D3420390070D311 = {
			isa = PBXGroup;
			children = (
				E1E96CA72E6F979100066E78 /* components.db */,
				E10DC4E62D3753BF003EB040 /* exporters */,
				E10DC4E72D3753BF003EB040 /* processors */,
				E10DC4E82D3753BF003EB040 /* receivers */,
				E10DC4E92D3753BF003EB040 /* templates */,
				E183103E2D3420390070D311 /* locol */,
				D2588F972D398E6F00B45761 /* locolTests */,
				E17DFB4A2E64D35D0027C808 /* Frameworks */,
				E183103D2D3420390070D311 /* Products */,
			);
			sourceTree = "<group>";
		};
		E183103D2D3420390070D311 /* Products */ = {
			isa = PBXGroup;
			children = (
				E183103C2D3420390070D311 /* locol.app */,
				D2588F962D398E6F00B45761 /* locolTests.xctest */,
			);
			name = Products;
			sourceTree = "<group>";
		};
/* End PBXGroup section */

/* Begin PBXNativeTarget section */
		D2588F952D398E6F00B45761 /* locolTests */ = {
			isa = PBXNativeTarget;
			buildConfigurationList = D2588F9C2D398E6F00B45761 /* Build configuration list for PBXNativeTarget "locolTests" */;
			buildPhases = (
				D2588F922D398E6F00B45761 /* Sources */,
				D2588F932D398E6F00B45761 /* Frameworks */,
				D2588F942D398E6F00B45761 /* Resources */,
			);
			buildRules = (
			);
			dependencies = (
				D2588F9B2D398E6F00B45761 /* PBXTargetDependency */,
			);
			fileSystemSynchronizedGroups = (
				D2588F972D398E6F00B45761 /* locolTests */,
			);
			name = locolTests;
			packageProductDependencies = (
			);
			productName = locolTests;
			productReference = D2588F962D398E6F00B45761 /* locolTests.xctest */;
			productType = "com.apple.product-type.bundle.unit-test";
		};
		E183103B2D3420390070D311 /* locol */ = {
			isa = PBXNativeTarget;
			buildConfigurationList = E18310612D34203B0070D311 /* Build configuration list for PBXNativeTarget "locol" */;
			buildPhases = (
				E18310382D3420390070D311 /* Sources */,
				E18310392D3420390070D311 /* Frameworks */,
				E183103A2D3420390070D311 /* Resources */,
			);
			buildRules = (
			);
			dependencies = (
				E17DFB502E64D4E90027C808 /* PBXTargetDependency */,
			);
			fileSystemSynchronizedGroups = (
				E183103E2D3420390070D311 /* locol */,
			);
			name = locol;
			packageProductDependencies = (
				E1F652292D346DED0091A7E8 /* Yams */,
				E17DF78B2E63A3200027C808 /* Subprocess */,
				E17DF7902E63EDF70027C808 /* SwiftProtobuf */,
				E17DF7922E63EDF70027C808 /* SwiftProtobufPluginLibrary */,
				E17DF7962E63EDF70027C808 /* protoc-gen-swift */,
				E17DFB382E64BF3C0027C808 /* GRPCCodeGen */,
				E17DFB3A2E64BF3C0027C808 /* GRPCCore */,
				E17DFB3C2E64BF3C0027C808 /* GRPCInProcessTransport */,
				E17DFB3F2E64BF940027C808 /* GRPCNIOTransportHTTP2 */,
				E17DFB422E64BFB40027C808 /* GRPCProtobuf */,
				E17DFB4B2E64D35D0027C808 /* protoc-gen-grpc-swift-2 */,
				E17DFB5B2E65079A0027C808 /* GRPCNIOTransportHTTP2Posix */,
				E17DFB5D2E6507B70027C808 /* GRPCNIOTransportHTTP2TransportServices */,
				E17DFB602E6526710027C808 /* GRDB */,
				E17DFB632E6526880027C808 /* GRDBQuery */,
				E1E96BCF2E6D1AB400066E78 /* STTextView */,
			);
			productName = locol;
			productReference = E183103C2D3420390070D311 /* locol.app */;
			productType = "com.apple.product-type.application";
		};
/* End PBXNativeTarget section */

/* Begin PBXProject section */
		E18310342D3420390070D311 /* Project object */ = {
			isa = PBXProject;
			attributes = {
				BuildIndependentTargetsInParallel = 1;
				LastSwiftUpdateCheck = 1620;
				LastUpgradeCheck = 2600;
				TargetAttributes = {
					D2588F952D398E6F00B45761 = {
						CreatedOnToolsVersion = 16.2;
						TestTargetID = E183103B2D3420390070D311;
					};
					E183103B2D3420390070D311 = {
						CreatedOnToolsVersion = 16.2;
					};
				};
			};
			buildConfigurationList = E18310372D3420390070D311 /* Build configuration list for PBXProject "locol" */;
			developmentRegion = en;
			hasScannedForEncodings = 0;
			knownRegions = (
				en,
				Base,
			);
			mainGroup = E18310332D3420390070D311;
			minimizedProjectReferenceProxies = 1;
			packageReferences = (
				E1F652282D346DED0091A7E8 /* XCRemoteSwiftPackageReference "Yams" */,
				E17DF78A2E63A3200027C808 /* XCRemoteSwiftPackageReference "swift-subprocess" */,
				E17DF78F2E63EDF70027C808 /* XCRemoteSwiftPackageReference "swift-protobuf" */,
				E17DFB372E64BF3C0027C808 /* XCRemoteSwiftPackageReference "grpc-swift-2" */,
				E17DFB3E2E64BF940027C808 /* XCRemoteSwiftPackageReference "grpc-swift-nio-transport" */,
				E17DFB412E64BFB40027C808 /* XCRemoteSwiftPackageReference "grpc-swift-protobuf" */,
				E17DFB5F2E6526710027C808 /* XCRemoteSwiftPackageReference "GRDB.swift" */,
				E17DFB622E6526880027C808 /* XCRemoteSwiftPackageReference "GRDBQuery" */,
				E1E96BCE2E6D1AB400066E78 /* XCRemoteSwiftPackageReference "STTextView" */,
			);
			preferredProjectObjectVersion = 77;
			productRefGroup = E183103D2D3420390070D311 /* Products */;
			projectDirPath = "";
			projectRoot = "";
			targets = (
				E183103B2D3420390070D311 /* locol */,
				D2588F952D398E6F00B45761 /* locolTests */,
			);
		};
/* End PBXProject section */

/* Begin PBXResourcesBuildPhase section */
		D2588F942D398E6F00B45761 /* Resources */ = {
			isa = PBXResourcesBuildPhase;
			buildActionMask = 2147483647;
			files = (
			);
			runOnlyForDeploymentPostprocessing = 0;
		};
		E183103A2D3420390070D311 /* Resources */ = {
			isa = PBXResourcesBuildPhase;
			buildActionMask = 2147483647;
			files = (
				E10DC4EA2D3753BF003EB040 /* exporters in Resources */,
				E10DC4EB2D3753BF003EB040 /* processors in Resources */,
				E10DC4EC2D3753BF003EB040 /* receivers in Resources */,
				E1E96CA82E6F979100066E78 /* components.db in Resources */,
				E10DC4ED2D3753BF003EB040 /* templates in Resources */,
			);
			runOnlyForDeploymentPostprocessing = 0;
		};
/* End PBXResourcesBuildPhase section */

/* Begin PBXSourcesBuildPhase section */
		D2588F922D398E6F00B45761 /* Sources */ = {
			isa = PBXSourcesBuildPhase;
			buildActionMask = 2147483647;
			files = (
			);
			runOnlyForDeploymentPostprocessing = 0;
		};
		E18310382D3420390070D311 /* Sources */ = {
			isa = PBXSourcesBuildPhase;
			buildActionMask = 2147483647;
			files = (
			);
			runOnlyForDeploymentPostprocessing = 0;
		};
/* End PBXSourcesBuildPhase section */

/* Begin PBXTargetDependency section */
		D2588F9B2D398E6F00B45761 /* PBXTargetDependency */ = {
			isa = PBXTargetDependency;
			target = E183103B2D3420390070D311 /* locol */;
			targetProxy = D2588F9A2D398E6F00B45761 /* PBXContainerItemProxy */;
		};
		E17DFB502E64D4E90027C808 /* PBXTargetDependency */ = {
			isa = PBXTargetDependency;
			productRef = E17DFB4F2E64D4E90027C808 /* protoc-gen-grpc-swift-2 */;
		};
/* End PBXTargetDependency section */

/* Begin XCBuildConfiguration section */
		D2588F9D2D398E6F00B45761 /* Debug */ = {
			isa = XCBuildConfiguration;
			buildSettings = {
				BUNDLE_LOADER = "$(TEST_HOST)";
				CODE_SIGN_STYLE = Automatic;
				CURRENT_PROJECT_VERSION = 1;
				DEAD_CODE_STRIPPING = YES;
				GENERATE_INFOPLIST_FILE = YES;
				MARKETING_VERSION = 1.0;
				PRODUCT_BUNDLE_IDENTIFIER = io.aparker.locolTests;
				PRODUCT_NAME = "$(TARGET_NAME)";
				SWIFT_EMIT_LOC_STRINGS = NO;
				SWIFT_STRICT_CONCURRENCY = complete;
				SWIFT_VERSION = 6.0;
				TEST_HOST = "$(BUILT_PRODUCTS_DIR)/locol.app/$(BUNDLE_EXECUTABLE_FOLDER_PATH)/locol";
			};
			name = Debug;
		};
		D2588F9E2D398E6F00B45761 /* Release */ = {
			isa = XCBuildConfiguration;
			buildSettings = {
				BUNDLE_LOADER = "$(TEST_HOST)";
				CODE_SIGN_STYLE = Automatic;
				CURRENT_PROJECT_VERSION = 1;
				DEAD_CODE_STRIPPING = YES;
				GENERATE_INFOPLIST_FILE = YES;
				MARKETING_VERSION = 1.0;
				PRODUCT_BUNDLE_IDENTIFIER = io.aparker.locolTests;
				PRODUCT_NAME = "$(TARGET_NAME)";
				SWIFT_EMIT_LOC_STRINGS = NO;
				SWIFT_STRICT_CONCURRENCY = complete;
				SWIFT_VERSION = 6.0;
				TEST_HOST = "$(BUILT_PRODUCTS_DIR)/locol.app/$(BUNDLE_EXECUTABLE_FOLDER_PATH)/locol";
			};
			name = Release;
		};
		E183105F2D34203B0070D311 /* Debug */ = {
			isa = XCBuildConfiguration;
			buildSettings = {
				ALWAYS_SEARCH_USER_PATHS = NO;
				ASSETCATALOG_COMPILER_GENERATE_SWIFT_ASSET_SYMBOL_EXTENSIONS = YES;
				CLANG_ANALYZER_NONNULL = YES;
				CLANG_ANALYZER_NUMBER_OBJECT_CONVERSION = YES_AGGRESSIVE;
				CLANG_CXX_LANGUAGE_STANDARD = "compiler-default";
				CLANG_ENABLE_MODULES = NO;
				CLANG_ENABLE_OBJC_ARC = YES;
				CLANG_ENABLE_OBJC_WEAK = YES;
				CLANG_WARN_BLOCK_CAPTURE_AUTORELEASING = YES;
				CLANG_WARN_BOOL_CONVERSION = YES;
				CLANG_WARN_COMMA = YES;
				CLANG_WARN_CONSTANT_CONVERSION = YES;
				CLANG_WARN_DEPRECATED_OBJC_IMPLEMENTATIONS = YES;
				CLANG_WARN_DIRECT_OBJC_ISA_USAGE = YES_ERROR;
				CLANG_WARN_DOCUMENTATION_COMMENTS = YES;
				CLANG_WARN_EMPTY_BODY = YES;
				CLANG_WARN_ENUM_CONVERSION = YES;
				CLANG_WARN_INFINITE_RECURSION = YES;
				CLANG_WARN_INT_CONVERSION = YES;
				CLANG_WARN_NON_LITERAL_NULL_CONVERSION = YES;
				CLANG_WARN_OBJC_IMPLICIT_RETAIN_SELF = YES;
				CLANG_WARN_OBJC_LITERAL_CONVERSION = YES;
				CLANG_WARN_OBJC_ROOT_CLASS = YES_ERROR;
				CLANG_WARN_QUOTED_INCLUDE_IN_FRAMEWORK_HEADER = YES;
				CLANG_WARN_RANGE_LOOP_ANALYSIS = YES;
				CLANG_WARN_STRICT_PROTOTYPES = YES;
				CLANG_WARN_SUSPICIOUS_MOVE = YES;
				CLANG_WARN_UNGUARDED_AVAILABILITY = YES_AGGRESSIVE;
				CLANG_WARN_UNREACHABLE_CODE = YES;
				CLANG_WARN__DUPLICATE_METHOD_MATCH = YES;
				COPY_PHASE_STRIP = YES;
				DEAD_CODE_STRIPPING = YES;
				DEBUG_INFORMATION_FORMAT = "dwarf-with-dsym";
				DEVELOPMENT_TEAM = A45Q5DN8BF;
				ENABLE_STRICT_OBJC_MSGSEND = YES;
				ENABLE_TESTABILITY = YES;
				ENABLE_USER_SCRIPT_SANDBOXING = YES;
				GCC_C_LANGUAGE_STANDARD = "compiler-default";
				GCC_DYNAMIC_NO_PIC = NO;
				GCC_NO_COMMON_BLOCKS = YES;
				GCC_OPTIMIZATION_LEVEL = 0;
				GCC_PREPROCESSOR_DEFINITIONS = (
					"DEBUG=1",
					"$(inherited)",
				);
				GCC_WARN_64_TO_32_BIT_CONVERSION = YES;
				GCC_WARN_ABOUT_RETURN_TYPE = YES_ERROR;
				GCC_WARN_UNDECLARED_SELECTOR = YES;
				GCC_WARN_UNINITIALIZED_AUTOS = YES_AGGRESSIVE;
				GCC_WARN_UNUSED_FUNCTION = YES;
				GCC_WARN_UNUSED_VARIABLE = YES;
				LOCALIZATION_PREFERS_STRING_CATALOGS = YES;
				MACOSX_DEPLOYMENT_TARGET = 14.6;
				MTL_ENABLE_DEBUG_INFO = INCLUDE_SOURCE;
				MTL_FAST_MATH = YES;
				ONLY_ACTIVE_ARCH = YES;
				SDKROOT = macosx;
				STRING_CATALOG_GENERATE_SYMBOLS = YES;
				SWIFT_ACTIVE_COMPILATION_CONDITIONS = "DEBUG $(inherited)";
				SWIFT_OPTIMIZATION_LEVEL = "-Onone";
			};
			name = Debug;
		};
		E18310602D34203B0070D311 /* Release */ = {
			isa = XCBuildConfiguration;
			buildSettings = {
				ALWAYS_SEARCH_USER_PATHS = NO;
				ASSETCATALOG_COMPILER_GENERATE_SWIFT_ASSET_SYMBOL_EXTENSIONS = YES;
				CLANG_ANALYZER_NONNULL = YES;
				CLANG_ANALYZER_NUMBER_OBJECT_CONVERSION = YES_AGGRESSIVE;
				CLANG_CXX_LANGUAGE_STANDARD = "compiler-default";
				CLANG_ENABLE_MODULES = NO;
				CLANG_ENABLE_OBJC_ARC = YES;
				CLANG_ENABLE_OBJC_WEAK = YES;
				CLANG_WARN_BLOCK_CAPTURE_AUTORELEASING = YES;
				CLANG_WARN_BOOL_CONVERSION = YES;
				CLANG_WARN_COMMA = YES;
				CLANG_WARN_CONSTANT_CONVERSION = YES;
				CLANG_WARN_DEPRECATED_OBJC_IMPLEMENTATIONS = YES;
				CLANG_WARN_DIRECT_OBJC_ISA_USAGE = YES_ERROR;
				CLANG_WARN_DOCUMENTATION_COMMENTS = YES;
				CLANG_WARN_EMPTY_BODY = YES;
				CLANG_WARN_ENUM_CONVERSION = YES;
				CLANG_WARN_INFINITE_RECURSION = YES;
				CLANG_WARN_INT_CONVERSION = YES;
				CLANG_WARN_NON_LITERAL_NULL_CONVERSION = YES;
				CLANG_WARN_OBJC_IMPLICIT_RETAIN_SELF = YES;
				CLANG_WARN_OBJC_LITERAL_CONVERSION = YES;
				CLANG_WARN_OBJC_ROOT_CLASS = YES_ERROR;
				CLANG_WARN_QUOTED_INCLUDE_IN_FRAMEWORK_HEADER = YES;
				CLANG_WARN_RANGE_LOOP_ANALYSIS = YES;
				CLANG_WARN_STRICT_PROTOTYPES = YES;
				CLANG_WARN_SUSPICIOUS_MOVE = YES;
				CLANG_WARN_UNGUARDED_AVAILABILITY = YES_AGGRESSIVE;
				CLANG_WARN_UNREACHABLE_CODE = YES;
				CLANG_WARN__DUPLICATE_METHOD_MATCH = YES;
				COPY_PHASE_STRIP = YES;
				DEAD_CODE_STRIPPING = YES;
				DEBUG_INFORMATION_FORMAT = "dwarf-with-dsym";
				DEVELOPMENT_TEAM = A45Q5DN8BF;
				ENABLE_NS_ASSERTIONS = YES;
				ENABLE_STRICT_OBJC_MSGSEND = YES;
				ENABLE_USER_SCRIPT_SANDBOXING = YES;
				GCC_C_LANGUAGE_STANDARD = "compiler-default";
				GCC_NO_COMMON_BLOCKS = YES;
				GCC_OPTIMIZATION_LEVEL = s;
				GCC_WARN_64_TO_32_BIT_CONVERSION = YES;
				GCC_WARN_ABOUT_RETURN_TYPE = YES_ERROR;
				GCC_WARN_UNDECLARED_SELECTOR = YES;
				GCC_WARN_UNINITIALIZED_AUTOS = YES_AGGRESSIVE;
				GCC_WARN_UNUSED_FUNCTION = YES;
				GCC_WARN_UNUSED_VARIABLE = YES;
				LOCALIZATION_PREFERS_STRING_CATALOGS = YES;
				MACOSX_DEPLOYMENT_TARGET = 14.6;
				MTL_ENABLE_DEBUG_INFO = NO;
				MTL_FAST_MATH = YES;
				SDKROOT = macosx;
				STRING_CATALOG_GENERATE_SYMBOLS = YES;
				SWIFT_COMPILATION_MODE = wholemodule;
			};
			name = Release;
		};
		E18310622D34203B0070D311 /* Debug */ = {
			isa = XCBuildConfiguration;
			buildSettings = {
				ASSETCATALOG_COMPILER_APPICON_NAME = locolIcon;
				ASSETCATALOG_COMPILER_GLOBAL_ACCENT_COLOR_NAME = AccentColor;
				ASSETCATALOG_COMPILER_INCLUDE_ALL_APPICON_ASSETS = YES;
				CODE_SIGN_ENTITLEMENTS = locol/locol.entitlements;
				CODE_SIGN_STYLE = Automatic;
				COMBINE_HIDPI_IMAGES = YES;
				CURRENT_PROJECT_VERSION = 1;
				DEAD_CODE_STRIPPING = YES;
				DEVELOPMENT_ASSET_PATHS = "\"locol/Preview Content\"";
				ENABLE_APP_SANDBOX = NO;
				ENABLE_HARDENED_RUNTIME = YES;
				ENABLE_INCOMING_NETWORK_CONNECTIONS = YES;
				ENABLE_OUTGOING_NETWORK_CONNECTIONS = YES;
				ENABLE_PREVIEWS = YES;
				ENABLE_USER_SELECTED_FILES = readwrite;
				GENERATE_INFOPLIST_FILE = NO;
				INFOPLIST_FILE = locol/Info.plist;
				INFOPLIST_KEY_CFBundleDisplayName = locol;
				INFOPLIST_KEY_LSApplicationCategoryType = "public.app-category.developer-tools";
				INFOPLIST_KEY_LSUIElement = NO;
				INFOPLIST_KEY_NSHelpBookFolder = locol.help;
				INFOPLIST_KEY_NSHelpBookName = "locol Help";
				INFOPLIST_KEY_NSHumanReadableCopyright = "© 2024 Austin Parker";
				LD_RUNPATH_SEARCH_PATHS = (
					"$(inherited)",
					"@executable_path/../Frameworks",
				);
				MACOSX_DEPLOYMENT_TARGET = 15.6;
				MARKETING_VERSION = 0.2;
				PRODUCT_BUNDLE_IDENTIFIER = io.aparker.locol;
				PRODUCT_NAME = "$(TARGET_NAME)";
				SWIFT_EMIT_LOC_STRINGS = YES;
				SWIFT_STRICT_CONCURRENCY = complete;
				SWIFT_VERSION = 6.0;
			};
			name = Debug;
		};
		E18310632D34203B0070D311 /* Release */ = {
			isa = XCBuildConfiguration;
			buildSettings = {
				ASSETCATALOG_COMPILER_APPICON_NAME = locolIcon;
				ASSETCATALOG_COMPILER_GLOBAL_ACCENT_COLOR_NAME = AccentColor;
				ASSETCATALOG_COMPILER_INCLUDE_ALL_APPICON_ASSETS = YES;
				CODE_SIGN_ENTITLEMENTS = locol/locol.entitlements;
				CODE_SIGN_STYLE = Automatic;
				COMBINE_HIDPI_IMAGES = YES;
				CURRENT_PROJECT_VERSION = 1;
				DEAD_CODE_STRIPPING = YES;
				DEVELOPMENT_ASSET_PATHS = "\"locol/Preview Content\"";
				ENABLE_APP_SANDBOX = NO;
				ENABLE_HARDENED_RUNTIME = YES;
				ENABLE_INCOMING_NETWORK_CONNECTIONS = YES;
				ENABLE_OUTGOING_NETWORK_CONNECTIONS = YES;
				ENABLE_PREVIEWS = YES;
				ENABLE_USER_SELECTED_FILES = readwrite;
				GENERATE_INFOPLIST_FILE = NO;
				INFOPLIST_FILE = locol/Info.plist;
				INFOPLIST_KEY_CFBundleDisplayName = locol;
				INFOPLIST_KEY_LSApplicationCategoryType = "public.app-category.developer-tools";
				INFOPLIST_KEY_LSUIElement = NO;
				INFOPLIST_KEY_NSHelpBookFolder = locol.help;
				INFOPLIST_KEY_NSHelpBookName = "locol Help";
				INFOPLIST_KEY_NSHumanReadableCopyright = "© 2024 Austin Parker";
				LD_RUNPATH_SEARCH_PATHS = (
					"$(inherited)",
					"@executable_path/../Frameworks",
				);
				MACOSX_DEPLOYMENT_TARGET = 15.6;
				MARKETING_VERSION = 0.2;
				PRODUCT_BUNDLE_IDENTIFIER = io.aparker.locol;
				PRODUCT_NAME = "$(TARGET_NAME)";
				SWIFT_EMIT_LOC_STRINGS = YES;
				SWIFT_STRICT_CONCURRENCY = complete;
				SWIFT_VERSION = 6.0;
			};
			name = Release;
		};
/* End XCBuildConfiguration section */

/* Begin XCConfigurationList section */
		D2588F9C2D398E6F00B45761 /* Build configuration list for PBXNativeTarget "locolTests" */ = {
			isa = XCConfigurationList;
			buildConfigurations = (
				D2588F9D2D398E6F00B45761 /* Debug */,
				D2588F9E2D398E6F00B45761 /* Release */,
			);
			defaultConfigurationIsVisible = 0;
			defaultConfigurationName = Release;
		};
		E18310372D3420390070D311 /* Build configuration list for PBXProject "locol" */ = {
			isa = XCConfigurationList;
			buildConfigurations = (
				E183105F2D34203B0070D311 /* Debug */,
				E18310602D34203B0070D311 /* Release */,
			);
			defaultConfigurationIsVisible = 0;
			defaultConfigurationName = Release;
		};
		E18310612D34203B0070D311 /* Build configuration list for PBXNativeTarget "locol" */ = {
			isa = XCConfigurationList;
			buildConfigurations = (
				E18310622D34203B0070D311 /* Debug */,
				E18310632D34203B0070D311 /* Release */,
			);
			defaultConfigurationIsVisible = 0;
			defaultConfigurationName = Release;
		};
/* End XCConfigurationList section */

/* Begin XCRemoteSwiftPackageReference section */
		E17DF78A2E63A3200027C808 /* XCRemoteSwiftPackageReference "swift-subprocess" */ = {
			isa = XCRemoteSwiftPackageReference;
			repositoryURL = "https://github.com/swiftlang/swift-subprocess.git";
			requirement = {
				kind = upToNextMajorVersion;
				minimumVersion = 0.0.1;
			};
		};
		E17DF78F2E63EDF70027C808 /* XCRemoteSwiftPackageReference "swift-protobuf" */ = {
			isa = XCRemoteSwiftPackageReference;
			repositoryURL = "https://github.com/apple/swift-protobuf.git";
			requirement = {
				kind = upToNextMajorVersion;
				minimumVersion = 1.31.0;
			};
		};
		E17DFB372E64BF3C0027C808 /* XCRemoteSwiftPackageReference "grpc-swift-2" */ = {
			isa = XCRemoteSwiftPackageReference;
			repositoryURL = "https://github.com/grpc/grpc-swift-2.git";
			requirement = {
				kind = upToNextMajorVersion;
				minimumVersion = 2.1.0;
			};
		};
		E17DFB3E2E64BF940027C808 /* XCRemoteSwiftPackageReference "grpc-swift-nio-transport" */ = {
			isa = XCRemoteSwiftPackageReference;
			repositoryURL = "https://github.com/grpc/grpc-swift-nio-transport.git";
			requirement = {
				kind = upToNextMajorVersion;
				minimumVersion = 2.1.1;
			};
		};
		E17DFB412E64BFB40027C808 /* XCRemoteSwiftPackageReference "grpc-swift-protobuf" */ = {
			isa = XCRemoteSwiftPackageReference;
			repositoryURL = "https://github.com/grpc/grpc-swift-protobuf.git";
			requirement = {
				kind = upToNextMajorVersion;
				minimumVersion = 2.1.1;
			};
		};
		E17DFB5F2E6526710027C808 /* XCRemoteSwiftPackageReference "GRDB.swift" */ = {
			isa = XCRemoteSwiftPackageReference;
			repositoryURL = "https://github.com/groue/GRDB.swift.git";
			requirement = {
				kind = upToNextMajorVersion;
				minimumVersion = 7.6.1;
			};
		};
		E17DFB622E6526880027C808 /* XCRemoteSwiftPackageReference "GRDBQuery" */ = {
			isa = XCRemoteSwiftPackageReference;
			repositoryURL = "https://github.com/groue/GRDBQuery";
			requirement = {
				kind = upToNextMajorVersion;
				minimumVersion = 0.11.0;
			};
		};
		E1E96BCE2E6D1AB400066E78 /* XCRemoteSwiftPackageReference "STTextView" */ = {
			isa = XCRemoteSwiftPackageReference;
			repositoryURL = "https://github.com/krzyzanowskim/STTextView?tab=readme-ov-file";
			requirement = {
				kind = upToNextMajorVersion;
				minimumVersion = 2.2.0;
			};
		};
		E1F652282D346DED0091A7E8 /* XCRemoteSwiftPackageReference "Yams" */ = {
			isa = XCRemoteSwiftPackageReference;
			repositoryURL = "https://github.com/jpsim/Yams.git";
			requirement = {
				kind = upToNextMajorVersion;
				minimumVersion = 5.1.3;
			};
		};
/* End XCRemoteSwiftPackageReference section */

/* Begin XCSwiftPackageProductDependency section */
		E17DF78B2E63A3200027C808 /* Subprocess */ = {
			isa = XCSwiftPackageProductDependency;
			package = E17DF78A2E63A3200027C808 /* XCRemoteSwiftPackageReference "swift-subprocess" */;
			productName = Subprocess;
		};
		E17DF7902E63EDF70027C808 /* SwiftProtobuf */ = {
			isa = XCSwiftPackageProductDependency;
			package = E17DF78F2E63EDF70027C808 /* XCRemoteSwiftPackageReference "swift-protobuf" */;
			productName = SwiftProtobuf;
		};
		E17DF7922E63EDF70027C808 /* SwiftProtobufPluginLibrary */ = {
			isa = XCSwiftPackageProductDependency;
			package = E17DF78F2E63EDF70027C808 /* XCRemoteSwiftPackageReference "swift-protobuf" */;
			productName = SwiftProtobufPluginLibrary;
		};
		E17DF7962E63EDF70027C808 /* protoc-gen-swift */ = {
			isa = XCSwiftPackageProductDependency;
			package = E17DF78F2E63EDF70027C808 /* XCRemoteSwiftPackageReference "swift-protobuf" */;
			productName = "protoc-gen-swift";
		};
		E17DFB382E64BF3C0027C808 /* GRPCCodeGen */ = {
			isa = XCSwiftPackageProductDependency;
			package = E17DFB372E64BF3C0027C808 /* XCRemoteSwiftPackageReference "grpc-swift-2" */;
			productName = GRPCCodeGen;
		};
		E17DFB3A2E64BF3C0027C808 /* GRPCCore */ = {
			isa = XCSwiftPackageProductDependency;
			package = E17DFB372E64BF3C0027C808 /* XCRemoteSwiftPackageReference "grpc-swift-2" */;
			productName = GRPCCore;
		};
		E17DFB3C2E64BF3C0027C808 /* GRPCInProcessTransport */ = {
			isa = XCSwiftPackageProductDependency;
			package = E17DFB372E64BF3C0027C808 /* XCRemoteSwiftPackageReference "grpc-swift-2" */;
			productName = GRPCInProcessTransport;
		};
		E17DFB3F2E64BF940027C808 /* GRPCNIOTransportHTTP2 */ = {
			isa = XCSwiftPackageProductDependency;
			package = E17DFB3E2E64BF940027C808 /* XCRemoteSwiftPackageReference "grpc-swift-nio-transport" */;
			productName = GRPCNIOTransportHTTP2;
		};
		E17DFB422E64BFB40027C808 /* GRPCProtobuf */ = {
			isa = XCSwiftPackageProductDependency;
			package = E17DFB412E64BFB40027C808 /* XCRemoteSwiftPackageReference "grpc-swift-protobuf" */;
			productName = GRPCProtobuf;
		};
		E17DFB4B2E64D35D0027C808 /* protoc-gen-grpc-swift-2 */ = {
			isa = XCSwiftPackageProductDependency;
			package = E17DFB412E64BFB40027C808 /* XCRemoteSwiftPackageReference "grpc-swift-protobuf" */;
			productName = "protoc-gen-grpc-swift-2";
		};
		E17DFB4F2E64D4E90027C808 /* protoc-gen-grpc-swift-2 */ = {
			isa = XCSwiftPackageProductDependency;
			package = E17DFB412E64BFB40027C808 /* XCRemoteSwiftPackageReference "grpc-swift-protobuf" */;
			productName = "protoc-gen-grpc-swift-2";
		};
		E17DFB5B2E65079A0027C808 /* GRPCNIOTransportHTTP2Posix */ = {
			isa = XCSwiftPackageProductDependency;
			package = E17DFB3E2E64BF940027C808 /* XCRemoteSwiftPackageReference "grpc-swift-nio-transport" */;
			productName = GRPCNIOTransportHTTP2Posix;
		};
		E17DFB5D2E6507B70027C808 /* GRPCNIOTransportHTTP2TransportServices */ = {
			isa = XCSwiftPackageProductDependency;
			package = E17DFB3E2E64BF940027C808 /* XCRemoteSwiftPackageReference "grpc-swift-nio-transport" */;
			productName = GRPCNIOTransportHTTP2TransportServices;
		};
		E17DFB602E6526710027C808 /* GRDB */ = {
			isa = XCSwiftPackageProductDependency;
			package = E17DFB5F2E6526710027C808 /* XCRemoteSwiftPackageReference "GRDB.swift" */;
			productName = GRDB;
		};
		E17DFB632E6526880027C808 /* GRDBQuery */ = {
			isa = XCSwiftPackageProductDependency;
			package = E17DFB622E6526880027C808 /* XCRemoteSwiftPackageReference "GRDBQuery" */;
			productName = GRDBQuery;
		};
		E1E96BCF2E6D1AB400066E78 /* STTextView */ = {
			isa = XCSwiftPackageProductDependency;
			package = E1E96BCE2E6D1AB400066E78 /* XCRemoteSwiftPackageReference "STTextView" */;
			productName = STTextView;
		};
		E1F652292D346DED0091A7E8 /* Yams */ = {
			isa = XCSwiftPackageProductDependency;
			package = E1F652282D346DED0091A7E8 /* XCRemoteSwiftPackageReference "Yams" */;
			productName = Yams;
		};
/* End XCSwiftPackageProductDependency section */
	};
	rootObject = E18310342D3420390070D311 /* Project object */;
}
