// !$*UTF8*$!
{
	archiveVersion = 1;
	classes = {
	};
	objectVersion = 77;
	objects = {

/* Begin PBXBuildFile section */
		E10DC4EA2D3753BF003EB040 /* exporters in Resources */ = {isa = PBXBuildFile; fileRef = E10DC4E62D3753BF003EB040 /* exporters */; };
		E10DC4EB2D3753BF003EB040 /* processors in Resources */ = {isa = PBXBuildFile; fileRef = E10DC4E72D3753BF003EB040 /* processors */; };
		E10DC4EC2D3753BF003EB040 /* receivers in Resources */ = {isa = PBXBuildFile; fileRef = E10DC4E82D3753BF003EB040 /* receivers */; };
		E10DC4ED2D3753BF003EB040 /* templates in Resources */ = {isa = PBXBuildFile; fileRef = E10DC4E92D3753BF003EB040 /* templates */; };
		E15F8B752D3CAA96001547D4 /* CodeEditor in Frameworks */ = {isa = PBXBuildFile; productRef = E15F8B742D3CAA96001547D4 /* CodeEditor */; };
		E1F6522A2D346DED0091A7E8 /* Yams in Frameworks */ = {isa = PBXBuildFile; productRef = E1F652292D346DED0091A7E8 /* Yams */; };
/* End PBXBuildFile section */

/* Begin PBXContainerItemProxy section */
		D2588F9A2D398E6F00B45761 /* PBXContainerItemProxy */ = {
			isa = PBXContainerItemProxy;
			containerPortal = E18310342D3420390070D311 /* Project object */;
			proxyType = 1;
			remoteGlobalIDString = E183103B2D3420390070D311;
			remoteInfo = locol;
		};
/* End PBXContainerItemProxy section */

/* Begin PBXFileReference section */
		D2588F962D398E6F00B45761 /* locolTests.xctest */ = {isa = PBXFileReference; explicitFileType = wrapper.cfbundle; includeInIndex = 0; path = locolTests.xctest; sourceTree = BUILT_PRODUCTS_DIR; };
		E10DC4E62D3753BF003EB040 /* exporters */ = {isa = PBXFileReference; lastKnownFileType = folder; name = exporters; path = locol/Resources/exporters; sourceTree = "<group>"; };
		E10DC4E72D3753BF003EB040 /* processors */ = {isa = PBXFileReference; lastKnownFileType = folder; name = processors; path = locol/Resources/processors; sourceTree = "<group>"; };
		E10DC4E82D3753BF003EB040 /* receivers */ = {isa = PBXFileReference; lastKnownFileType = folder; name = receivers; path = locol/Resources/receivers; sourceTree = "<group>"; };
		E10DC4E92D3753BF003EB040 /* templates */ = {isa = PBXFileReference; lastKnownFileType = folder; name = templates; path = locol/Resources/templates; sourceTree = "<group>"; };
		E183103C2D3420390070D311 /* locol.app */ = {isa = PBXFileReference; explicitFileType = wrapper.application; includeInIndex = 0; path = locol.app; sourceTree = BUILT_PRODUCTS_DIR; };
/* End PBXFileReference section */

/* Begin PBXFileSystemSynchronizedBuildFileExceptionSet section */
		E10DC4D52D37533B003EB040 /* Exceptions for "locol" folder in "locol" target */ = {
			isa = PBXFileSystemSynchronizedBuildFileExceptionSet;
			membershipExceptions = (
				Resources/exporters/honeycomb.yaml,
				Resources/processors/resourcedetector.yaml,
				Resources/receivers/hostmetrics.yaml,
				Resources/templates/default.yaml,
			);
			target = E183103B2D3420390070D311 /* locol */;
		};
/* End PBXFileSystemSynchronizedBuildFileExceptionSet section */

/* Begin PBXFileSystemSynchronizedRootGroup section */
		D2588F972D398E6F00B45761 /* locolTests */ = {
			isa = PBXFileSystemSynchronizedRootGroup;
			path = locolTests;
			sourceTree = "<group>";
		};
		E183103E2D3420390070D311 /* locol */ = {
			isa = PBXFileSystemSynchronizedRootGroup;
			exceptions = (
				E10DC4D52D37533B003EB040 /* Exceptions for "locol" folder in "locol" target */,
			);
			path = locol;
			sourceTree = "<group>";
		};
/* End PBXFileSystemSynchronizedRootGroup section */

/* Begin PBXFrameworksBuildPhase section */
		D2588F932D398E6F00B45761 /* Frameworks */ = {
			isa = PBXFrameworksBuildPhase;
			buildActionMask = 2147483647;
			files = (
			);
			runOnlyForDeploymentPostprocessing = 0;
		};
		E18310392D3420390070D311 /* Frameworks */ = {
			isa = PBXFrameworksBuildPhase;
			buildActionMask = 2147483647;
			files = (
				E15F8B752D3CAA96001547D4 /* CodeEditor in Frameworks */,
				E1F6522A2D346DED0091A7E8 /* Yams in Frameworks */,
			);
			runOnlyForDeploymentPostprocessing = 0;
		};
/* End PBXFrameworksBuildPhase section */

/* Begin PBXGroup section */
		E18310332D3420390070D311 = {
			isa = PBXGroup;
			children = (
				E10DC4E62D3753BF003EB040 /* exporters */,
				E10DC4E72D3753BF003EB040 /* processors */,
				E10DC4E82D3753BF003EB040 /* receivers */,
				E10DC4E92D3753BF003EB040 /* templates */,
				E183103E2D3420390070D311 /* locol */,
				D2588F972D398E6F00B45761 /* locolTests */,
				E183103D2D3420390070D311 /* Products */,
			);
			sourceTree = "<group>";
		};
		E183103D2D3420390070D311 /* Products */ = {
			isa = PBXGroup;
			children = (
				E183103C2D3420390070D311 /* locol.app */,
				D2588F962D398E6F00B45761 /* locolTests.xctest */,
			);
			name = Products;
			sourceTree = "<group>";
		};
/* End PBXGroup section */

/* Begin PBXNativeTarget section */
		D2588F952D398E6F00B45761 /* locolTests */ = {
			isa = PBXNativeTarget;
			buildConfigurationList = D2588F9C2D398E6F00B45761 /* Build configuration list for PBXNativeTarget "locolTests" */;
			buildPhases = (
				D2588F922D398E6F00B45761 /* Sources */,
				D2588F932D398E6F00B45761 /* Frameworks */,
				D2588F942D398E6F00B45761 /* Resources */,
			);
			buildRules = (
			);
			dependencies = (
				D2588F9B2D398E6F00B45761 /* PBXTargetDependency */,
			);
			fileSystemSynchronizedGroups = (
				D2588F972D398E6F00B45761 /* locolTests */,
			);
			name = locolTests;
			packageProductDependencies = (
			);
			productName = locolTests;
			productReference = D2588F962D398E6F00B45761 /* locolTests.xctest */;
			productType = "com.apple.product-type.bundle.unit-test";
		};
		E183103B2D3420390070D311 /* locol */ = {
			isa = PBXNativeTarget;
			buildConfigurationList = E18310612D34203B0070D311 /* Build configuration list for PBXNativeTarget "locol" */;
			buildPhases = (
				E18310382D3420390070D311 /* Sources */,
				E18310392D3420390070D311 /* Frameworks */,
				E183103A2D3420390070D311 /* Resources */,
			);
			buildRules = (
			);
			dependencies = (
			);
			fileSystemSynchronizedGroups = (
				E183103E2D3420390070D311 /* locol */,
			);
			name = locol;
			packageProductDependencies = (
				E1F652292D346DED0091A7E8 /* Yams */,
				E15F8B742D3CAA96001547D4 /* CodeEditor */,
			);
			productName = locol;
			productReference = E183103C2D3420390070D311 /* locol.app */;
			productType = "com.apple.product-type.application";
		};
/* End PBXNativeTarget section */

/* Begin PBXProject section */
		E18310342D3420390070D311 /* Project object */ = {
			isa = PBXProject;
			attributes = {
				BuildIndependentTargetsInParallel = 1;
				LastSwiftUpdateCheck = 1620;
				LastUpgradeCheck = 1620;
				TargetAttributes = {
					D2588F952D398E6F00B45761 = {
						CreatedOnToolsVersion = 16.2;
						TestTargetID = E183103B2D3420390070D311;
					};
					E183103B2D3420390070D311 = {
						CreatedOnToolsVersion = 16.2;
					};
				};
			};
			buildConfigurationList = E18310372D3420390070D311 /* Build configuration list for PBXProject "locol" */;
			developmentRegion = en;
			hasScannedForEncodings = 0;
			knownRegions = (
				en,
				Base,
			);
			mainGroup = E18310332D3420390070D311;
			minimizedProjectReferenceProxies = 1;
			packageReferences = (
				E1F652282D346DED0091A7E8 /* XCRemoteSwiftPackageReference "Yams" */,
				E15F8B732D3CAA96001547D4 /* XCRemoteSwiftPackageReference "CodeEditor" */,
			);
			preferredProjectObjectVersion = 77;
			productRefGroup = E183103D2D3420390070D311 /* Products */;
			projectDirPath = "";
			projectRoot = "";
			targets = (
				E183103B2D3420390070D311 /* locol */,
				D2588F952D398E6F00B45761 /* locolTests */,
			);
		};
/* End PBXProject section */

/* Begin PBXResourcesBuildPhase section */
		D2588F942D398E6F00B45761 /* Resources */ = {
			isa = PBXResourcesBuildPhase;
			buildActionMask = 2147483647;
			files = (
			);
			runOnlyForDeploymentPostprocessing = 0;
		};
		E183103A2D3420390070D311 /* Resources */ = {
			isa = PBXResourcesBuildPhase;
			buildActionMask = 2147483647;
			files = (
				E10DC4EA2D3753BF003EB040 /* exporters in Resources */,
				E10DC4EB2D3753BF003EB040 /* processors in Resources */,
				E10DC4EC2D3753BF003EB040 /* receivers in Resources */,
				E10DC4ED2D3753BF003EB040 /* templates in Resources */,
			);
			runOnlyForDeploymentPostprocessing = 0;
		};
/* End PBXResourcesBuildPhase section */

/* Begin PBXSourcesBuildPhase section */
		D2588F922D398E6F00B45761 /* Sources */ = {
			isa = PBXSourcesBuildPhase;
			buildActionMask = 2147483647;
			files = (
			);
			runOnlyForDeploymentPostprocessing = 0;
		};
		E18310382D3420390070D311 /* Sources */ = {
			isa = PBXSourcesBuildPhase;
			buildActionMask = 2147483647;
			files = (
			);
			runOnlyForDeploymentPostprocessing = 0;
		};
/* End PBXSourcesBuildPhase section */

/* Begin PBXTargetDependency section */
		D2588F9B2D398E6F00B45761 /* PBXTargetDependency */ = {
			isa = PBXTargetDependency;
			target = E183103B2D3420390070D311 /* locol */;
			targetProxy = D2588F9A2D398E6F00B45761 /* PBXContainerItemProxy */;
		};
/* End PBXTargetDependency section */

/* Begin XCBuildConfiguration section */
		D2588F9D2D398E6F00B45761 /* Debug */ = {
			isa = XCBuildConfiguration;
			buildSettings = {
				BUNDLE_LOADER = "$(TEST_HOST)";
				CODE_SIGN_STYLE = Automatic;
				CURRENT_PROJECT_VERSION = 1;
				DEVELOPMENT_TEAM = A45Q5DN8BF;
				GENERATE_INFOPLIST_FILE = YES;
				MARKETING_VERSION = 1.0;
				PRODUCT_BUNDLE_IDENTIFIER = io.aparker.locolTests;
				PRODUCT_NAME = "$(TARGET_NAME)";
				SWIFT_EMIT_LOC_STRINGS = NO;
				SWIFT_VERSION = 5.0;
				TEST_HOST = "$(BUILT_PRODUCTS_DIR)/locol.app/$(BUNDLE_EXECUTABLE_FOLDER_PATH)/locol";
			};
			name = Debug;
		};
		D2588F9E2D398E6F00B45761 /* Release */ = {
			isa = XCBuildConfiguration;
			buildSettings = {
				BUNDLE_LOADER = "$(TEST_HOST)";
				CODE_SIGN_STYLE = Automatic;
				CURRENT_PROJECT_VERSION = 1;
				DEVELOPMENT_TEAM = A45Q5DN8BF;
				GENERATE_INFOPLIST_FILE = YES;
				MARKETING_VERSION = 1.0;
				PRODUCT_BUNDLE_IDENTIFIER = io.aparker.locolTests;
				PRODUCT_NAME = "$(TARGET_NAME)";
				SWIFT_EMIT_LOC_STRINGS = NO;
				SWIFT_VERSION = 5.0;
				TEST_HOST = "$(BUILT_PRODUCTS_DIR)/locol.app/$(BUNDLE_EXECUTABLE_FOLDER_PATH)/locol";
			};
			name = Release;
		};
		E183105F2D34203B0070D311 /* Debug */ = {
			isa = XCBuildConfiguration;
			buildSettings = {
				ALWAYS_SEARCH_USER_PATHS = NO;
				ASSETCATALOG_COMPILER_GENERATE_SWIFT_ASSET_SYMBOL_EXTENSIONS = YES;
				CLANG_ANALYZER_NONNULL = YES;
				CLANG_ANALYZER_NUMBER_OBJECT_CONVERSION = YES_AGGRESSIVE;
				CLANG_CXX_LANGUAGE_STANDARD = "compiler-default";
				CLANG_ENABLE_MODULES = NO;
				CLANG_ENABLE_OBJC_ARC = YES;
				CLANG_ENABLE_OBJC_WEAK = YES;
				CLANG_WARN_BLOCK_CAPTURE_AUTORELEASING = YES;
				CLANG_WARN_BOOL_CONVERSION = YES;
				CLANG_WARN_COMMA = YES;
				CLANG_WARN_CONSTANT_CONVERSION = YES;
				CLANG_WARN_DEPRECATED_OBJC_IMPLEMENTATIONS = YES;
				CLANG_WARN_DIRECT_OBJC_ISA_USAGE = YES_ERROR;
				CLANG_WARN_DOCUMENTATION_COMMENTS = YES;
				CLANG_WARN_EMPTY_BODY = YES;
				CLANG_WARN_ENUM_CONVERSION = YES;
				CLANG_WARN_INFINITE_RECURSION = YES;
				CLANG_WARN_INT_CONVERSION = YES;
				CLANG_WARN_NON_LITERAL_NULL_CONVERSION = YES;
				CLANG_WARN_OBJC_IMPLICIT_RETAIN_SELF = YES;
				CLANG_WARN_OBJC_LITERAL_CONVERSION = YES;
				CLANG_WARN_OBJC_ROOT_CLASS = YES_ERROR;
				CLANG_WARN_QUOTED_INCLUDE_IN_FRAMEWORK_HEADER = YES;
				CLANG_WARN_RANGE_LOOP_ANALYSIS = YES;
				CLANG_WARN_STRICT_PROTOTYPES = YES;
				CLANG_WARN_SUSPICIOUS_MOVE = YES;
				CLANG_WARN_UNGUARDED_AVAILABILITY = YES_AGGRESSIVE;
				CLANG_WARN_UNREACHABLE_CODE = YES;
				CLANG_WARN__DUPLICATE_METHOD_MATCH = YES;
				COPY_PHASE_STRIP = YES;
				DEBUG_INFORMATION_FORMAT = "";
				ENABLE_STRICT_OBJC_MSGSEND = YES;
				ENABLE_TESTABILITY = YES;
				ENABLE_USER_SCRIPT_SANDBOXING = YES;
				GCC_C_LANGUAGE_STANDARD = "compiler-default";
				GCC_DYNAMIC_NO_PIC = NO;
				GCC_NO_COMMON_BLOCKS = YES;
				GCC_OPTIMIZATION_LEVEL = s;
				GCC_PREPROCESSOR_DEFINITIONS = (
					"DEBUG=1",
					"$(inherited)",
				);
				GCC_WARN_64_TO_32_BIT_CONVERSION = YES;
				GCC_WARN_ABOUT_RETURN_TYPE = YES_ERROR;
				GCC_WARN_UNDECLARED_SELECTOR = YES;
				GCC_WARN_UNINITIALIZED_AUTOS = YES_AGGRESSIVE;
				GCC_WARN_UNUSED_FUNCTION = YES;
				GCC_WARN_UNUSED_VARIABLE = YES;
				LOCALIZATION_PREFERS_STRING_CATALOGS = YES;
				MACOSX_DEPLOYMENT_TARGET = 14.6;
				MTL_ENABLE_DEBUG_INFO = INCLUDE_SOURCE;
				MTL_FAST_MATH = YES;
				ONLY_ACTIVE_ARCH = YES;
				SDKROOT = macosx;
				SWIFT_ACTIVE_COMPILATION_CONDITIONS = "DEBUG $(inherited)";
				SWIFT_OPTIMIZATION_LEVEL = "-O";
			};
			name = Debug;
		};
		E18310602D34203B0070D311 /* Release */ = {
			isa = XCBuildConfiguration;
			buildSettings = {
				ALWAYS_SEARCH_USER_PATHS = NO;
				ASSETCATALOG_COMPILER_GENERATE_SWIFT_ASSET_SYMBOL_EXTENSIONS = YES;
				CLANG_ANALYZER_NONNULL = YES;
				CLANG_ANALYZER_NUMBER_OBJECT_CONVERSION = YES_AGGRESSIVE;
				CLANG_CXX_LANGUAGE_STANDARD = "compiler-default";
				CLANG_ENABLE_MODULES = NO;
				CLANG_ENABLE_OBJC_ARC = YES;
				CLANG_ENABLE_OBJC_WEAK = YES;
				CLANG_WARN_BLOCK_CAPTURE_AUTORELEASING = YES;
				CLANG_WARN_BOOL_CONVERSION = YES;
				CLANG_WARN_COMMA = YES;
				CLANG_WARN_CONSTANT_CONVERSION = YES;
				CLANG_WARN_DEPRECATED_OBJC_IMPLEMENTATIONS = YES;
				CLANG_WARN_DIRECT_OBJC_ISA_USAGE = YES_ERROR;
				CLANG_WARN_DOCUMENTATION_COMMENTS = YES;
				CLANG_WARN_EMPTY_BODY = YES;
				CLANG_WARN_ENUM_CONVERSION = YES;
				CLANG_WARN_INFINITE_RECURSION = YES;
				CLANG_WARN_INT_CONVERSION = YES;
				CLANG_WARN_NON_LITERAL_NULL_CONVERSION = YES;
				CLANG_WARN_OBJC_IMPLICIT_RETAIN_SELF = YES;
				CLANG_WARN_OBJC_LITERAL_CONVERSION = YES;
				CLANG_WARN_OBJC_ROOT_CLASS = YES_ERROR;
				CLANG_WARN_QUOTED_INCLUDE_IN_FRAMEWORK_HEADER = YES;
				CLANG_WARN_RANGE_LOOP_ANALYSIS = YES;
				CLANG_WARN_STRICT_PROTOTYPES = YES;
				CLANG_WARN_SUSPICIOUS_MOVE = YES;
				CLANG_WARN_UNGUARDED_AVAILABILITY = YES_AGGRESSIVE;
				CLANG_WARN_UNREACHABLE_CODE = YES;
				CLANG_WARN__DUPLICATE_METHOD_MATCH = YES;
				COPY_PHASE_STRIP = YES;
				DEBUG_INFORMATION_FORMAT = "";
				ENABLE_NS_ASSERTIONS = YES;
				ENABLE_STRICT_OBJC_MSGSEND = YES;
				ENABLE_USER_SCRIPT_SANDBOXING = YES;
				GCC_C_LANGUAGE_STANDARD = "compiler-default";
				GCC_NO_COMMON_BLOCKS = YES;
				GCC_WARN_64_TO_32_BIT_CONVERSION = YES;
				GCC_WARN_ABOUT_RETURN_TYPE = YES_ERROR;
				GCC_WARN_UNDECLARED_SELECTOR = YES;
				GCC_WARN_UNINITIALIZED_AUTOS = YES_AGGRESSIVE;
				GCC_WARN_UNUSED_FUNCTION = YES;
				GCC_WARN_UNUSED_VARIABLE = YES;
				LOCALIZATION_PREFERS_STRING_CATALOGS = YES;
				MACOSX_DEPLOYMENT_TARGET = 14.6;
				MTL_ENABLE_DEBUG_INFO = NO;
				MTL_FAST_MATH = YES;
				SDKROOT = macosx;
				SWIFT_COMPILATION_MODE = wholemodule;
			};
			name = Release;
		};
		E18310622D34203B0070D311 /* Debug */ = {
			isa = XCBuildConfiguration;
			buildSettings = {
				ASSETCATALOG_COMPILER_APPICON_NAME = AppIcon;
				ASSETCATALOG_COMPILER_GLOBAL_ACCENT_COLOR_NAME = AccentColor;
				ASSETCATALOG_COMPILER_INCLUDE_ALL_APPICON_ASSETS = YES;
				CODE_SIGN_ENTITLEMENTS = locol/locol.entitlements;
				CODE_SIGN_STYLE = Automatic;
				COMBINE_HIDPI_IMAGES = YES;
				CURRENT_PROJECT_VERSION = 1;
				DEVELOPMENT_ASSET_PATHS = "\"locol/Preview Content\"";
				DEVELOPMENT_TEAM = A45Q5DN8BF;
				ENABLE_HARDENED_RUNTIME = YES;
				ENABLE_PREVIEWS = YES;
				GENERATE_INFOPLIST_FILE = YES;
				INFOPLIST_KEY_CFBundleDisplayName = locol;
				INFOPLIST_KEY_LSApplicationCategoryType = "public.app-category.developer-tools";
				INFOPLIST_KEY_LSUIElement = YES;
				INFOPLIST_KEY_NSHumanReadableCopyright = "";
				LD_RUNPATH_SEARCH_PATHS = (
					"$(inherited)",
					"@executable_path/../Frameworks",
				);
				MACOSX_DEPLOYMENT_TARGET = 14.6;
				MARKETING_VERSION = 0.1;
				PRODUCT_BUNDLE_IDENTIFIER = io.aparker.locol;
				PRODUCT_NAME = "$(TARGET_NAME)";
				SWIFT_EMIT_LOC_STRINGS = YES;
				SWIFT_VERSION = 5.0;
			};
			name = Debug;
		};
		E18310632D34203B0070D311 /* Release */ = {
			isa = XCBuildConfiguration;
			buildSettings = {
				ASSETCATALOG_COMPILER_APPICON_NAME = AppIcon;
				ASSETCATALOG_COMPILER_GLOBAL_ACCENT_COLOR_NAME = AccentColor;
				ASSETCATALOG_COMPILER_INCLUDE_ALL_APPICON_ASSETS = YES;
				CODE_SIGN_ENTITLEMENTS = locol/locol.entitlements;
				CODE_SIGN_STYLE = Automatic;
				COMBINE_HIDPI_IMAGES = YES;
				CURRENT_PROJECT_VERSION = 1;
				DEVELOPMENT_ASSET_PATHS = "\"locol/Preview Content\"";
				DEVELOPMENT_TEAM = A45Q5DN8BF;
				ENABLE_HARDENED_RUNTIME = YES;
				ENABLE_PREVIEWS = YES;
				GENERATE_INFOPLIST_FILE = YES;
				INFOPLIST_KEY_CFBundleDisplayName = locol;
				INFOPLIST_KEY_LSApplicationCategoryType = "public.app-category.developer-tools";
				INFOPLIST_KEY_LSUIElement = YES;
				INFOPLIST_KEY_NSHumanReadableCopyright = "";
				LD_RUNPATH_SEARCH_PATHS = (
					"$(inherited)",
					"@executable_path/../Frameworks",
				);
				MACOSX_DEPLOYMENT_TARGET = 14.6;
				MARKETING_VERSION = 0.1;
				PRODUCT_BUNDLE_IDENTIFIER = io.aparker.locol;
				PRODUCT_NAME = "$(TARGET_NAME)";
				SWIFT_EMIT_LOC_STRINGS = YES;
				SWIFT_VERSION = 5.0;
			};
			name = Release;
		};
/* End XCBuildConfiguration section */

/* Begin XCConfigurationList section */
		D2588F9C2D398E6F00B45761 /* Build configuration list for PBXNativeTarget "locolTests" */ = {
			isa = XCConfigurationList;
			buildConfigurations = (
				D2588F9D2D398E6F00B45761 /* Debug */,
				D2588F9E2D398E6F00B45761 /* Release */,
			);
			defaultConfigurationIsVisible = 0;
			defaultConfigurationName = Release;
		};
		E18310372D3420390070D311 /* Build configuration list for PBXProject "locol" */ = {
			isa = XCConfigurationList;
			buildConfigurations = (
				E183105F2D34203B0070D311 /* Debug */,
				E18310602D34203B0070D311 /* Release */,
			);
			defaultConfigurationIsVisible = 0;
			defaultConfigurationName = Release;
		};
		E18310612D34203B0070D311 /* Build configuration list for PBXNativeTarget "locol" */ = {
			isa = XCConfigurationList;
			buildConfigurations = (
				E18310622D34203B0070D311 /* Debug */,
				E18310632D34203B0070D311 /* Release */,
			);
			defaultConfigurationIsVisible = 0;
			defaultConfigurationName = Release;
		};
/* End XCConfigurationList section */

/* Begin XCRemoteSwiftPackageReference section */
		E15F8B732D3CAA96001547D4 /* XCRemoteSwiftPackageReference "CodeEditor" */ = {
			isa = XCRemoteSwiftPackageReference;
			repositoryURL = "https://github.com/ZeeZide/CodeEditor.git";
			requirement = {
				kind = upToNextMajorVersion;
				minimumVersion = 1.2.6;
			};
		};
		E1F652282D346DED0091A7E8 /* XCRemoteSwiftPackageReference "Yams" */ = {
			isa = XCRemoteSwiftPackageReference;
			repositoryURL = "https://github.com/jpsim/Yams.git";
			requirement = {
				kind = upToNextMajorVersion;
				minimumVersion = 5.1.3;
			};
		};
/* End XCRemoteSwiftPackageReference section */

/* Begin XCSwiftPackageProductDependency section */
		E15F8B742D3CAA96001547D4 /* CodeEditor */ = {
			isa = XCSwiftPackageProductDependency;
			package = E15F8B732D3CAA96001547D4 /* XCRemoteSwiftPackageReference "CodeEditor" */;
			productName = CodeEditor;
		};
		E1F652292D346DED0091A7E8 /* Yams */ = {
			isa = XCSwiftPackageProductDependency;
			package = E1F652282D346DED0091A7E8 /* XCRemoteSwiftPackageReference "Yams" */;
			productName = Yams;
		};
/* End XCSwiftPackageProductDependency section */
	};
	rootObject = E18310342D3420390070D311 /* Project object */;
}
